
Microsoft Visual Studio Solution File, Format Version 12.00
# Visual Studio Version 17
VisualStudioVersion = 17.5.33530.505
MinimumVisualStudioVersion = 10.0.40219.1
Project("{FAE04EC0-301F-11D3-BF4B-00C04F79EFBC}") = "Meshur_Sehirler_CF", "Meshur_Sehirler_CF\Meshur_Sehirler_CF.csproj", "{77C1EE06-4B03-49D5-A385-FB85C5723F29}"
EndProject
Global
	GlobalSection(SolutionConfigurationPlatforms) = preSolution
		Debug|Any CPU = Debug|Any CPU
		Release|Any CPU = Release|Any CPU
	EndGlobalSection
	GlobalSection(ProjectConfigurationPlatforms) = postSolution
		{77C1EE06-4B03-49D5-A385-FB85C5723F29}.Debug|Any CPU.ActiveCfg = Debug|Any CPU
		{77C1EE06-4B03-49D5-A385-FB85C5723F29}.Debug|Any CPU.Build.0 = Debug|Any CPU
		{77C1EE06-4B03-49D5-A385-FB85C5723F29}.Release|Any CPU.ActiveCfg = Release|Any CPU
		{77C1EE06-4B03-49D5-A385-FB85C5723F29}.Release|Any CPU.Build.0 = Release|Any CPU
	EndGlobalSection
	GlobalSection(SolutionProperties) = preSolution
		HideSolutionNode = FALSE
	EndGlobalSection
	GlobalSection(ExtensibilityGlobals) = postSolution
		SolutionGuid = {03798A7F-7258-4436-A791-30EF763F19F9}
	EndGlobalSection
EndGlobal
